
Microsoft Visual Studio Solution File, Format Version 12.00
# Visual Studio Version 17
VisualStudioVersion = 17.4.33213.308
MinimumVisualStudioVersion = 10.0.40219.1
Project("{FAE04EC0-301F-11D3-BF4B-00C04F79EFBC}") = "SystemProgHw2", "SystemProgHw2\SystemProgHw2.csproj", "{955E76D8-B2BB-4B22-ABE7-B68EA962161D}"
EndProject
Global
	GlobalSection(SolutionConfigurationPlatforms) = preSolution
		Debug|Any CPU = Debug|Any CPU
		Release|Any CPU = Release|Any CPU
	EndGlobalSection
	GlobalSection(ProjectConfigurationPlatforms) = postSolution
		{955E76D8-B2BB-4B22-ABE7-B68EA962161D}.Debug|Any CPU.ActiveCfg = Debug|Any CPU
		{955E76D8-B2BB-4B22-ABE7-B68EA962161D}.Debug|Any CPU.Build.0 = Debug|Any CPU
		{955E76D8-B2BB-4B22-ABE7-B68EA962161D}.Release|Any CPU.ActiveCfg = Release|Any CPU
		{955E76D8-B2BB-4B22-ABE7-B68EA962161D}.Release|Any CPU.Build.0 = Release|Any CPU
	EndGlobalSection
	GlobalSection(SolutionProperties) = preSolution
		HideSolutionNode = FALSE
	EndGlobalSection
	GlobalSection(ExtensibilityGlobals) = postSolution
		SolutionGuid = {98757DB1-0F45-406B-9A5D-0E53DE51C335}
	EndGlobalSection
EndGlobal
